
Microsoft Visual Studio Solution File, Format Version 12.00
# Visual Studio 15
VisualStudioVersion = 15.0.26730.16
MinimumVisualStudioVersion = 10.0.40219.1
Project("{FAE04EC0-301F-11D3-BF4B-00C04F79EFBC}") = "SimpleMVVM.Android", "SimpleMVVM\SimpleMVVM.Android\SimpleMVVM.Android.csproj", "{27DB0FA4-BB37-41B0-9782-B98E9B5AE36B}"
EndProject
Project("{FAE04EC0-301F-11D3-BF4B-00C04F79EFBC}") = "SimpleMVVM", "SimpleMVVM\SimpleMVVM\SimpleMVVM.csproj", "{404D9331-9F72-44E2-ADB0-AFE6F5288C3A}"
EndProject
Project("{FAE04EC0-301F-11D3-BF4B-00C04F79EFBC}") = "SimpleMVVM.UWP", "SimpleMVVM\SimpleMVVM.UWP\SimpleMVVM.UWP.csproj", "{3A64F2AA-77DC-4308-BEFD-9D0FBE0DDCC8}"
EndProject
Project("{FAE04EC0-301F-11D3-BF4B-00C04F79EFBC}") = "SimpleMVVM.iOS", "SimpleMVVM\SimpleMVVM.iOS\SimpleMVVM.iOS.csproj", "{DEB63EC1-B17A-4851-AF7D-F0BCD06BF683}"
EndProject
Global
	GlobalSection(SolutionConfigurationPlatforms) = preSolution
		Ad-Hoc|Any CPU = Ad-Hoc|Any CPU
		Ad-Hoc|ARM = Ad-Hoc|ARM
		Ad-Hoc|iPhone = Ad-Hoc|iPhone
		Ad-Hoc|iPhoneSimulator = Ad-Hoc|iPhoneSimulator
		Ad-Hoc|x64 = Ad-Hoc|x64
		Ad-Hoc|x86 = Ad-Hoc|x86
		AppStore|Any CPU = AppStore|Any CPU
		AppStore|ARM = AppStore|ARM
		AppStore|iPhone = AppStore|iPhone
		AppStore|iPhoneSimulator = AppStore|iPhoneSimulator
		AppStore|x64 = AppStore|x64
		AppStore|x86 = AppStore|x86
		Debug|Any CPU = Debug|Any CPU
		Debug|ARM = Debug|ARM
		Debug|iPhone = Debug|iPhone
		Debug|iPhoneSimulator = Debug|iPhoneSimulator
		Debug|x64 = Debug|x64
		Debug|x86 = Debug|x86
		Release|Any CPU = Release|Any CPU
		Release|ARM = Release|ARM
		Release|iPhone = Release|iPhone
		Release|iPhoneSimulator = Release|iPhoneSimulator
		Release|x64 = Release|x64
		Release|x86 = Release|x86
	EndGlobalSection
	GlobalSection(ProjectConfigurationPlatforms) = postSolution
		{27DB0FA4-BB37-41B0-9782-B98E9B5AE36B}.Ad-Hoc|Any CPU.ActiveCfg = Release|Any CPU
		{27DB0FA4-BB37-41B0-9782-B98E9B5AE36B}.Ad-Hoc|Any CPU.Build.0 = Release|Any CPU
		{27DB0FA4-BB37-41B0-9782-B98E9B5AE36B}.Ad-Hoc|Any CPU.Deploy.0 = Release|Any CPU
		{27DB0FA4-BB37-41B0-9782-B98E9B5AE36B}.Ad-Hoc|ARM.ActiveCfg = Release|Any CPU
		{27DB0FA4-BB37-41B0-9782-B98E9B5AE36B}.Ad-Hoc|ARM.Build.0 = Release|Any CPU
		{27DB0FA4-BB37-41B0-9782-B98E9B5AE36B}.Ad-Hoc|ARM.Deploy.0 = Release|Any CPU
		{27DB0FA4-BB37-41B0-9782-B98E9B5AE36B}.Ad-Hoc|iPhone.ActiveCfg = Release|Any CPU
		{27DB0FA4-BB37-41B0-9782-B98E9B5AE36B}.Ad-Hoc|iPhone.Build.0 = Release|Any CPU
		{27DB0FA4-BB37-41B0-9782-B98E9B5AE36B}.Ad-Hoc|iPhone.Deploy.0 = Release|Any CPU
		{27DB0FA4-BB37-41B0-9782-B98E9B5AE36B}.Ad-Hoc|iPhoneSimulator.ActiveCfg = Release|Any CPU
		{27DB0FA4-BB37-41B0-9782-B98E9B5AE36B}.Ad-Hoc|iPhoneSimulator.Build.0 = Release|Any CPU
		{27DB0FA4-BB37-41B0-9782-B98E9B5AE36B}.Ad-Hoc|iPhoneSimulator.Deploy.0 = Release|Any CPU
		{27DB0FA4-BB37-41B0-9782-B98E9B5AE36B}.Ad-Hoc|x64.ActiveCfg = Release|Any CPU
		{27DB0FA4-BB37-41B0-9782-B98E9B5AE36B}.Ad-Hoc|x64.Build.0 = Release|Any CPU
		{27DB0FA4-BB37-41B0-9782-B98E9B5AE36B}.Ad-Hoc|x64.Deploy.0 = Release|Any CPU
		{27DB0FA4-BB37-41B0-9782-B98E9B5AE36B}.Ad-Hoc|x86.ActiveCfg = Release|Any CPU
		{27DB0FA4-BB37-41B0-9782-B98E9B5AE36B}.Ad-Hoc|x86.Build.0 = Release|Any CPU
		{27DB0FA4-BB37-41B0-9782-B98E9B5AE36B}.Ad-Hoc|x86.Deploy.0 = Release|Any CPU
		{27DB0FA4-BB37-41B0-9782-B98E9B5AE36B}.AppStore|Any CPU.ActiveCfg = Release|Any CPU
		{27DB0FA4-BB37-41B0-9782-B98E9B5AE36B}.AppStore|Any CPU.Build.0 = Release|Any CPU
		{27DB0FA4-BB37-41B0-9782-B98E9B5AE36B}.AppStore|Any CPU.Deploy.0 = Release|Any CPU
		{27DB0FA4-BB37-41B0-9782-B98E9B5AE36B}.AppStore|ARM.ActiveCfg = Release|Any CPU
		{27DB0FA4-BB37-41B0-9782-B98E9B5AE36B}.AppStore|ARM.Build.0 = Release|Any CPU
		{27DB0FA4-BB37-41B0-9782-B98E9B5AE36B}.AppStore|ARM.Deploy.0 = Release|Any CPU
		{27DB0FA4-BB37-41B0-9782-B98E9B5AE36B}.AppStore|iPhone.ActiveCfg = Release|Any CPU
		{27DB0FA4-BB37-41B0-9782-B98E9B5AE36B}.AppStore|iPhone.Build.0 = Release|Any CPU
		{27DB0FA4-BB37-41B0-9782-B98E9B5AE36B}.AppStore|iPhone.Deploy.0 = Release|Any CPU
		{27DB0FA4-BB37-41B0-9782-B98E9B5AE36B}.AppStore|iPhoneSimulator.ActiveCfg = Release|Any CPU
		{27DB0FA4-BB37-41B0-9782-B98E9B5AE36B}.AppStore|iPhoneSimulator.Build.0 = Release|Any CPU
		{27DB0FA4-BB37-41B0-9782-B98E9B5AE36B}.AppStore|iPhoneSimulator.Deploy.0 = Release|Any CPU
		{27DB0FA4-BB37-41B0-9782-B98E9B5AE36B}.AppStore|x64.ActiveCfg = Release|Any CPU
		{27DB0FA4-BB37-41B0-9782-B98E9B5AE36B}.AppStore|x64.Build.0 = Release|Any CPU
		{27DB0FA4-BB37-41B0-9782-B98E9B5AE36B}.AppStore|x64.Deploy.0 = Release|Any CPU
		{27DB0FA4-BB37-41B0-9782-B98E9B5AE36B}.AppStore|x86.ActiveCfg = Release|Any CPU
		{27DB0FA4-BB37-41B0-9782-B98E9B5AE36B}.AppStore|x86.Build.0 = Release|Any CPU
		{27DB0FA4-BB37-41B0-9782-B98E9B5AE36B}.AppStore|x86.Deploy.0 = Release|Any CPU
		{27DB0FA4-BB37-41B0-9782-B98E9B5AE36B}.Debug|Any CPU.ActiveCfg = Debug|Any CPU
		{27DB0FA4-BB37-41B0-9782-B98E9B5AE36B}.Debug|Any CPU.Build.0 = Debug|Any CPU
		{27DB0FA4-BB37-41B0-9782-B98E9B5AE36B}.Debug|Any CPU.Deploy.0 = Debug|Any CPU
		{27DB0FA4-BB37-41B0-9782-B98E9B5AE36B}.Debug|ARM.ActiveCfg = Debug|Any CPU
		{27DB0FA4-BB37-41B0-9782-B98E9B5AE36B}.Debug|ARM.Build.0 = Debug|Any CPU
		{27DB0FA4-BB37-41B0-9782-B98E9B5AE36B}.Debug|ARM.Deploy.0 = Debug|Any CPU
		{27DB0FA4-BB37-41B0-9782-B98E9B5AE36B}.Debug|iPhone.ActiveCfg = Debug|Any CPU
		{27DB0FA4-BB37-41B0-9782-B98E9B5AE36B}.Debug|iPhone.Build.0 = Debug|Any CPU
		{27DB0FA4-BB37-41B0-9782-B98E9B5AE36B}.Debug|iPhone.Deploy.0 = Debug|Any CPU
		{27DB0FA4-BB37-41B0-9782-B98E9B5AE36B}.Debug|iPhoneSimulator.ActiveCfg = Debug|Any CPU
		{27DB0FA4-BB37-41B0-9782-B98E9B5AE36B}.Debug|iPhoneSimulator.Build.0 = Debug|Any CPU
		{27DB0FA4-BB37-41B0-9782-B98E9B5AE36B}.Debug|iPhoneSimulator.Deploy.0 = Debug|Any CPU
		{27DB0FA4-BB37-41B0-9782-B98E9B5AE36B}.Debug|x64.ActiveCfg = Debug|Any CPU
		{27DB0FA4-BB37-41B0-9782-B98E9B5AE36B}.Debug|x64.Build.0 = Debug|Any CPU
		{27DB0FA4-BB37-41B0-9782-B98E9B5AE36B}.Debug|x64.Deploy.0 = Debug|Any CPU
		{27DB0FA4-BB37-41B0-9782-B98E9B5AE36B}.Debug|x86.ActiveCfg = Debug|Any CPU
		{27DB0FA4-BB37-41B0-9782-B98E9B5AE36B}.Debug|x86.Build.0 = Debug|Any CPU
		{27DB0FA4-BB37-41B0-9782-B98E9B5AE36B}.Debug|x86.Deploy.0 = Debug|Any CPU
		{27DB0FA4-BB37-41B0-9782-B98E9B5AE36B}.Release|Any CPU.ActiveCfg = Release|Any CPU
		{27DB0FA4-BB37-41B0-9782-B98E9B5AE36B}.Release|Any CPU.Build.0 = Release|Any CPU
		{27DB0FA4-BB37-41B0-9782-B98E9B5AE36B}.Release|Any CPU.Deploy.0 = Release|Any CPU
		{27DB0FA4-BB37-41B0-9782-B98E9B5AE36B}.Release|ARM.ActiveCfg = Release|Any CPU
		{27DB0FA4-BB37-41B0-9782-B98E9B5AE36B}.Release|ARM.Build.0 = Release|Any CPU
		{27DB0FA4-BB37-41B0-9782-B98E9B5AE36B}.Release|ARM.Deploy.0 = Release|Any CPU
		{27DB0FA4-BB37-41B0-9782-B98E9B5AE36B}.Release|iPhone.ActiveCfg = Release|Any CPU
		{27DB0FA4-BB37-41B0-9782-B98E9B5AE36B}.Release|iPhone.Build.0 = Release|Any CPU
		{27DB0FA4-BB37-41B0-9782-B98E9B5AE36B}.Release|iPhone.Deploy.0 = Release|Any CPU
		{27DB0FA4-BB37-41B0-9782-B98E9B5AE36B}.Release|iPhoneSimulator.ActiveCfg = Release|Any CPU
		{27DB0FA4-BB37-41B0-9782-B98E9B5AE36B}.Release|iPhoneSimulator.Build.0 = Release|Any CPU
		{27DB0FA4-BB37-41B0-9782-B98E9B5AE36B}.Release|iPhoneSimulator.Deploy.0 = Release|Any CPU
		{27DB0FA4-BB37-41B0-9782-B98E9B5AE36B}.Release|x64.ActiveCfg = Release|Any CPU
		{27DB0FA4-BB37-41B0-9782-B98E9B5AE36B}.Release|x64.Build.0 = Release|Any CPU
		{27DB0FA4-BB37-41B0-9782-B98E9B5AE36B}.Release|x64.Deploy.0 = Release|Any CPU
		{27DB0FA4-BB37-41B0-9782-B98E9B5AE36B}.Release|x86.ActiveCfg = Release|Any CPU
		{27DB0FA4-BB37-41B0-9782-B98E9B5AE36B}.Release|x86.Build.0 = Release|Any CPU
		{27DB0FA4-BB37-41B0-9782-B98E9B5AE36B}.Release|x86.Deploy.0 = Release|Any CPU
		{404D9331-9F72-44E2-ADB0-AFE6F5288C3A}.Ad-Hoc|Any CPU.ActiveCfg = Release|Any CPU
		{404D9331-9F72-44E2-ADB0-AFE6F5288C3A}.Ad-Hoc|Any CPU.Build.0 = Release|Any CPU
		{404D9331-9F72-44E2-ADB0-AFE6F5288C3A}.Ad-Hoc|ARM.ActiveCfg = Release|Any CPU
		{404D9331-9F72-44E2-ADB0-AFE6F5288C3A}.Ad-Hoc|ARM.Build.0 = Release|Any CPU
		{404D9331-9F72-44E2-ADB0-AFE6F5288C3A}.Ad-Hoc|iPhone.ActiveCfg = Release|Any CPU
		{404D9331-9F72-44E2-ADB0-AFE6F5288C3A}.Ad-Hoc|iPhone.Build.0 = Release|Any CPU
		{404D9331-9F72-44E2-ADB0-AFE6F5288C3A}.Ad-Hoc|iPhoneSimulator.ActiveCfg = Release|Any CPU
		{404D9331-9F72-44E2-ADB0-AFE6F5288C3A}.Ad-Hoc|iPhoneSimulator.Build.0 = Release|Any CPU
		{404D9331-9F72-44E2-ADB0-AFE6F5288C3A}.Ad-Hoc|x64.ActiveCfg = Release|Any CPU
		{404D9331-9F72-44E2-ADB0-AFE6F5288C3A}.Ad-Hoc|x64.Build.0 = Release|Any CPU
		{404D9331-9F72-44E2-ADB0-AFE6F5288C3A}.Ad-Hoc|x86.ActiveCfg = Release|Any CPU
		{404D9331-9F72-44E2-ADB0-AFE6F5288C3A}.Ad-Hoc|x86.Build.0 = Release|Any CPU
		{404D9331-9F72-44E2-ADB0-AFE6F5288C3A}.AppStore|Any CPU.ActiveCfg = Release|Any CPU
		{404D9331-9F72-44E2-ADB0-AFE6F5288C3A}.AppStore|Any CPU.Build.0 = Release|Any CPU
		{404D9331-9F72-44E2-ADB0-AFE6F5288C3A}.AppStore|ARM.ActiveCfg = Release|Any CPU
		{404D9331-9F72-44E2-ADB0-AFE6F5288C3A}.AppStore|ARM.Build.0 = Release|Any CPU
		{404D9331-9F72-44E2-ADB0-AFE6F5288C3A}.AppStore|iPhone.ActiveCfg = Release|Any CPU
		{404D9331-9F72-44E2-ADB0-AFE6F5288C3A}.AppStore|iPhone.Build.0 = Release|Any CPU
		{404D9331-9F72-44E2-ADB0-AFE6F5288C3A}.AppStore|iPhoneSimulator.ActiveCfg = Release|Any CPU
		{404D9331-9F72-44E2-ADB0-AFE6F5288C3A}.AppStore|iPhoneSimulator.Build.0 = Release|Any CPU
		{404D9331-9F72-44E2-ADB0-AFE6F5288C3A}.AppStore|x64.ActiveCfg = Release|Any CPU
		{404D9331-9F72-44E2-ADB0-AFE6F5288C3A}.AppStore|x64.Build.0 = Release|Any CPU
		{404D9331-9F72-44E2-ADB0-AFE6F5288C3A}.AppStore|x86.ActiveCfg = Release|Any CPU
		{404D9331-9F72-44E2-ADB0-AFE6F5288C3A}.AppStore|x86.Build.0 = Release|Any CPU
		{404D9331-9F72-44E2-ADB0-AFE6F5288C3A}.Debug|Any CPU.ActiveCfg = Debug|Any CPU
		{404D9331-9F72-44E2-ADB0-AFE6F5288C3A}.Debug|Any CPU.Build.0 = Debug|Any CPU
		{404D9331-9F72-44E2-ADB0-AFE6F5288C3A}.Debug|ARM.ActiveCfg = Debug|Any CPU
		{404D9331-9F72-44E2-ADB0-AFE6F5288C3A}.Debug|ARM.Build.0 = Debug|Any CPU
		{404D9331-9F72-44E2-ADB0-AFE6F5288C3A}.Debug|iPhone.ActiveCfg = Debug|Any CPU
		{404D9331-9F72-44E2-ADB0-AFE6F5288C3A}.Debug|iPhone.Build.0 = Debug|Any CPU
		{404D9331-9F72-44E2-ADB0-AFE6F5288C3A}.Debug|iPhoneSimulator.ActiveCfg = Debug|Any CPU
		{404D9331-9F72-44E2-ADB0-AFE6F5288C3A}.Debug|iPhoneSimulator.Build.0 = Debug|Any CPU
		{404D9331-9F72-44E2-ADB0-AFE6F5288C3A}.Debug|x64.ActiveCfg = Debug|Any CPU
		{404D9331-9F72-44E2-ADB0-AFE6F5288C3A}.Debug|x64.Build.0 = Debug|Any CPU
		{404D9331-9F72-44E2-ADB0-AFE6F5288C3A}.Debug|x86.ActiveCfg = Debug|Any CPU
		{404D9331-9F72-44E2-ADB0-AFE6F5288C3A}.Debug|x86.Build.0 = Debug|Any CPU
		{404D9331-9F72-44E2-ADB0-AFE6F5288C3A}.Release|Any CPU.ActiveCfg = Release|Any CPU
		{404D9331-9F72-44E2-ADB0-AFE6F5288C3A}.Release|Any CPU.Build.0 = Release|Any CPU
		{404D9331-9F72-44E2-ADB0-AFE6F5288C3A}.Release|ARM.ActiveCfg = Release|Any CPU
		{404D9331-9F72-44E2-ADB0-AFE6F5288C3A}.Release|ARM.Build.0 = Release|Any CPU
		{404D9331-9F72-44E2-ADB0-AFE6F5288C3A}.Release|iPhone.ActiveCfg = Release|Any CPU
		{404D9331-9F72-44E2-ADB0-AFE6F5288C3A}.Release|iPhone.Build.0 = Release|Any CPU
		{404D9331-9F72-44E2-ADB0-AFE6F5288C3A}.Release|iPhoneSimulator.ActiveCfg = Release|Any CPU
		{404D9331-9F72-44E2-ADB0-AFE6F5288C3A}.Release|iPhoneSimulator.Build.0 = Release|Any CPU
		{404D9331-9F72-44E2-ADB0-AFE6F5288C3A}.Release|x64.ActiveCfg = Release|Any CPU
		{404D9331-9F72-44E2-ADB0-AFE6F5288C3A}.Release|x64.Build.0 = Release|Any CPU
		{404D9331-9F72-44E2-ADB0-AFE6F5288C3A}.Release|x86.ActiveCfg = Release|Any CPU
		{404D9331-9F72-44E2-ADB0-AFE6F5288C3A}.Release|x86.Build.0 = Release|Any CPU
		{3A64F2AA-77DC-4308-BEFD-9D0FBE0DDCC8}.Ad-Hoc|Any CPU.ActiveCfg = Release|x86
		{3A64F2AA-77DC-4308-BEFD-9D0FBE0DDCC8}.Ad-Hoc|Any CPU.Build.0 = Release|x86
		{3A64F2AA-77DC-4308-BEFD-9D0FBE0DDCC8}.Ad-Hoc|Any CPU.Deploy.0 = Release|x86
		{3A64F2AA-77DC-4308-BEFD-9D0FBE0DDCC8}.Ad-Hoc|ARM.ActiveCfg = Release|ARM
		{3A64F2AA-77DC-4308-BEFD-9D0FBE0DDCC8}.Ad-Hoc|ARM.Build.0 = Release|ARM
		{3A64F2AA-77DC-4308-BEFD-9D0FBE0DDCC8}.Ad-Hoc|ARM.Deploy.0 = Release|ARM
		{3A64F2AA-77DC-4308-BEFD-9D0FBE0DDCC8}.Ad-Hoc|iPhone.ActiveCfg = Release|x86
		{3A64F2AA-77DC-4308-BEFD-9D0FBE0DDCC8}.Ad-Hoc|iPhone.Build.0 = Release|x86
		{3A64F2AA-77DC-4308-BEFD-9D0FBE0DDCC8}.Ad-Hoc|iPhone.Deploy.0 = Release|x86
		{3A64F2AA-77DC-4308-BEFD-9D0FBE0DDCC8}.Ad-Hoc|iPhoneSimulator.ActiveCfg = Release|x86
		{3A64F2AA-77DC-4308-BEFD-9D0FBE0DDCC8}.Ad-Hoc|iPhoneSimulator.Build.0 = Release|x86
		{3A64F2AA-77DC-4308-BEFD-9D0FBE0DDCC8}.Ad-Hoc|iPhoneSimulator.Deploy.0 = Release|x86
		{3A64F2AA-77DC-4308-BEFD-9D0FBE0DDCC8}.Ad-Hoc|x64.ActiveCfg = Release|x64
		{3A64F2AA-77DC-4308-BEFD-9D0FBE0DDCC8}.Ad-Hoc|x64.Build.0 = Release|x64
		{3A64F2AA-77DC-4308-BEFD-9D0FBE0DDCC8}.Ad-Hoc|x64.Deploy.0 = Release|x64
		{3A64F2AA-77DC-4308-BEFD-9D0FBE0DDCC8}.Ad-Hoc|x86.ActiveCfg = Release|x86
		{3A64F2AA-77DC-4308-BEFD-9D0FBE0DDCC8}.Ad-Hoc|x86.Build.0 = Release|x86
		{3A64F2AA-77DC-4308-BEFD-9D0FBE0DDCC8}.Ad-Hoc|x86.Deploy.0 = Release|x86
		{3A64F2AA-77DC-4308-BEFD-9D0FBE0DDCC8}.AppStore|Any CPU.ActiveCfg = Release|x86
		{3A64F2AA-77DC-4308-BEFD-9D0FBE0DDCC8}.AppStore|Any CPU.Build.0 = Release|x86
		{3A64F2AA-77DC-4308-BEFD-9D0FBE0DDCC8}.AppStore|Any CPU.Deploy.0 = Release|x86
		{3A64F2AA-77DC-4308-BEFD-9D0FBE0DDCC8}.AppStore|ARM.ActiveCfg = Release|ARM
		{3A64F2AA-77DC-4308-BEFD-9D0FBE0DDCC8}.AppStore|ARM.Build.0 = Release|ARM
		{3A64F2AA-77DC-4308-BEFD-9D0FBE0DDCC8}.AppStore|ARM.Deploy.0 = Release|ARM
		{3A64F2AA-77DC-4308-BEFD-9D0FBE0DDCC8}.AppStore|iPhone.ActiveCfg = Release|x86
		{3A64F2AA-77DC-4308-BEFD-9D0FBE0DDCC8}.AppStore|iPhone.Build.0 = Release|x86
		{3A64F2AA-77DC-4308-BEFD-9D0FBE0DDCC8}.AppStore|iPhone.Deploy.0 = Release|x86
		{3A64F2AA-77DC-4308-BEFD-9D0FBE0DDCC8}.AppStore|iPhoneSimulator.ActiveCfg = Release|x86
		{3A64F2AA-77DC-4308-BEFD-9D0FBE0DDCC8}.AppStore|iPhoneSimulator.Build.0 = Release|x86
		{3A64F2AA-77DC-4308-BEFD-9D0FBE0DDCC8}.AppStore|iPhoneSimulator.Deploy.0 = Release|x86
		{3A64F2AA-77DC-4308-BEFD-9D0FBE0DDCC8}.AppStore|x64.ActiveCfg = Release|x64
		{3A64F2AA-77DC-4308-BEFD-9D0FBE0DDCC8}.AppStore|x64.Build.0 = Release|x64
		{3A64F2AA-77DC-4308-BEFD-9D0FBE0DDCC8}.AppStore|x64.Deploy.0 = Release|x64
		{3A64F2AA-77DC-4308-BEFD-9D0FBE0DDCC8}.AppStore|x86.ActiveCfg = Release|x86
		{3A64F2AA-77DC-4308-BEFD-9D0FBE0DDCC8}.AppStore|x86.Build.0 = Release|x86
		{3A64F2AA-77DC-4308-BEFD-9D0FBE0DDCC8}.AppStore|x86.Deploy.0 = Release|x86
		{3A64F2AA-77DC-4308-BEFD-9D0FBE0DDCC8}.Debug|Any CPU.ActiveCfg = Debug|x86
		{3A64F2AA-77DC-4308-BEFD-9D0FBE0DDCC8}.Debug|ARM.ActiveCfg = Debug|ARM
		{3A64F2AA-77DC-4308-BEFD-9D0FBE0DDCC8}.Debug|ARM.Build.0 = Debug|ARM
		{3A64F2AA-77DC-4308-BEFD-9D0FBE0DDCC8}.Debug|ARM.Deploy.0 = Debug|ARM
		{3A64F2AA-77DC-4308-BEFD-9D0FBE0DDCC8}.Debug|iPhone.ActiveCfg = Debug|x86
		{3A64F2AA-77DC-4308-BEFD-9D0FBE0DDCC8}.Debug|iPhoneSimulator.ActiveCfg = Debug|x86
		{3A64F2AA-77DC-4308-BEFD-9D0FBE0DDCC8}.Debug|x64.ActiveCfg = Debug|x64
		{3A64F2AA-77DC-4308-BEFD-9D0FBE0DDCC8}.Debug|x64.Build.0 = Debug|x64
		{3A64F2AA-77DC-4308-BEFD-9D0FBE0DDCC8}.Debug|x64.Deploy.0 = Debug|x64
		{3A64F2AA-77DC-4308-BEFD-9D0FBE0DDCC8}.Debug|x86.ActiveCfg = Debug|x86
		{3A64F2AA-77DC-4308-BEFD-9D0FBE0DDCC8}.Debug|x86.Build.0 = Debug|x86
		{3A64F2AA-77DC-4308-BEFD-9D0FBE0DDCC8}.Debug|x86.Deploy.0 = Debug|x86
		{3A64F2AA-77DC-4308-BEFD-9D0FBE0DDCC8}.Release|Any CPU.ActiveCfg = Release|x86
		{3A64F2AA-77DC-4308-BEFD-9D0FBE0DDCC8}.Release|ARM.ActiveCfg = Release|ARM
		{3A64F2AA-77DC-4308-BEFD-9D0FBE0DDCC8}.Release|ARM.Build.0 = Release|ARM
		{3A64F2AA-77DC-4308-BEFD-9D0FBE0DDCC8}.Release|ARM.Deploy.0 = Release|ARM
		{3A64F2AA-77DC-4308-BEFD-9D0FBE0DDCC8}.Release|iPhone.ActiveCfg = Release|x86
		{3A64F2AA-77DC-4308-BEFD-9D0FBE0DDCC8}.Release|iPhoneSimulator.ActiveCfg = Release|x86
		{3A64F2AA-77DC-4308-BEFD-9D0FBE0DDCC8}.Release|x64.ActiveCfg = Release|x64
		{3A64F2AA-77DC-4308-BEFD-9D0FBE0DDCC8}.Release|x64.Build.0 = Release|x64
		{3A64F2AA-77DC-4308-BEFD-9D0FBE0DDCC8}.Release|x64.Deploy.0 = Release|x64
		{3A64F2AA-77DC-4308-BEFD-9D0FBE0DDCC8}.Release|x86.ActiveCfg = Release|x86
		{3A64F2AA-77DC-4308-BEFD-9D0FBE0DDCC8}.Release|x86.Build.0 = Release|x86
		{3A64F2AA-77DC-4308-BEFD-9D0FBE0DDCC8}.Release|x86.Deploy.0 = Release|x86
		{DEB63EC1-B17A-4851-AF7D-F0BCD06BF683}.Ad-Hoc|Any CPU.ActiveCfg = Ad-Hoc|iPhone
		{DEB63EC1-B17A-4851-AF7D-F0BCD06BF683}.Ad-Hoc|ARM.ActiveCfg = Ad-Hoc|iPhone
		{DEB63EC1-B17A-4851-AF7D-F0BCD06BF683}.Ad-Hoc|iPhone.ActiveCfg = Ad-Hoc|iPhone
		{DEB63EC1-B17A-4851-AF7D-F0BCD06BF683}.Ad-Hoc|iPhone.Build.0 = Ad-Hoc|iPhone
		{DEB63EC1-B17A-4851-AF7D-F0BCD06BF683}.Ad-Hoc|iPhoneSimulator.ActiveCfg = Ad-Hoc|iPhoneSimulator
		{DEB63EC1-B17A-4851-AF7D-F0BCD06BF683}.Ad-Hoc|iPhoneSimulator.Build.0 = Ad-Hoc|iPhoneSimulator
		{DEB63EC1-B17A-4851-AF7D-F0BCD06BF683}.Ad-Hoc|x64.ActiveCfg = Ad-Hoc|iPhone
		{DEB63EC1-B17A-4851-AF7D-F0BCD06BF683}.Ad-Hoc|x86.ActiveCfg = Ad-Hoc|iPhone
		{DEB63EC1-B17A-4851-AF7D-F0BCD06BF683}.AppStore|Any CPU.ActiveCfg = AppStore|iPhone
		{DEB63EC1-B17A-4851-AF7D-F0BCD06BF683}.AppStore|ARM.ActiveCfg = AppStore|iPhone
		{DEB63EC1-B17A-4851-AF7D-F0BCD06BF683}.AppStore|iPhone.ActiveCfg = AppStore|iPhone
		{DEB63EC1-B17A-4851-AF7D-F0BCD06BF683}.AppStore|iPhone.Build.0 = AppStore|iPhone
		{DEB63EC1-B17A-4851-AF7D-F0BCD06BF683}.AppStore|iPhoneSimulator.ActiveCfg = AppStore|iPhoneSimulator
		{DEB63EC1-B17A-4851-AF7D-F0BCD06BF683}.AppStore|iPhoneSimulator.Build.0 = AppStore|iPhoneSimulator
		{DEB63EC1-B17A-4851-AF7D-F0BCD06BF683}.AppStore|x64.ActiveCfg = AppStore|iPhone
		{DEB63EC1-B17A-4851-AF7D-F0BCD06BF683}.AppStore|x86.ActiveCfg = AppStore|iPhone
		{DEB63EC1-B17A-4851-AF7D-F0BCD06BF683}.Debug|Any CPU.ActiveCfg = Debug|iPhone
		{DEB63EC1-B17A-4851-AF7D-F0BCD06BF683}.Debug|ARM.ActiveCfg = Debug|iPhone
		{DEB63EC1-B17A-4851-AF7D-F0BCD06BF683}.Debug|iPhone.ActiveCfg = Debug|iPhone
		{DEB63EC1-B17A-4851-AF7D-F0BCD06BF683}.Debug|iPhone.Build.0 = Debug|iPhone
		{DEB63EC1-B17A-4851-AF7D-F0BCD06BF683}.Debug|iPhoneSimulator.ActiveCfg = Debug|iPhoneSimulator
		{DEB63EC1-B17A-4851-AF7D-F0BCD06BF683}.Debug|iPhoneSimulator.Build.0 = Debug|iPhoneSimulator
		{DEB63EC1-B17A-4851-AF7D-F0BCD06BF683}.Debug|x64.ActiveCfg = Debug|iPhone
		{DEB63EC1-B17A-4851-AF7D-F0BCD06BF683}.Debug|x86.ActiveCfg = Debug|iPhone
		{DEB63EC1-B17A-4851-AF7D-F0BCD06BF683}.Release|Any CPU.ActiveCfg = Release|iPhone
		{DEB63EC1-B17A-4851-AF7D-F0BCD06BF683}.Release|ARM.ActiveCfg = Release|iPhone
		{DEB63EC1-B17A-4851-AF7D-F0BCD06BF683}.Release|iPhone.ActiveCfg = Release|iPhone
		{DEB63EC1-B17A-4851-AF7D-F0BCD06BF683}.Release|iPhone.Build.0 = Release|iPhone
		{DEB63EC1-B17A-4851-AF7D-F0BCD06BF683}.Release|iPhoneSimulator.ActiveCfg = Release|iPhoneSimulator
		{DEB63EC1-B17A-4851-AF7D-F0BCD06BF683}.Release|iPhoneSimulator.Build.0 = Release|iPhoneSimulator
		{DEB63EC1-B17A-4851-AF7D-F0BCD06BF683}.Release|x64.ActiveCfg = Release|iPhone
		{DEB63EC1-B17A-4851-AF7D-F0BCD06BF683}.Release|x86.ActiveCfg = Release|iPhone
	EndGlobalSection
	GlobalSection(SolutionProperties) = preSolution
		HideSolutionNode = FALSE
	EndGlobalSection
	GlobalSection(ExtensibilityGlobals) = postSolution
		SolutionGuid = {7A97C72A-99A8-4D1D-A480-7247E8EA8A22}
	EndGlobalSection
EndGlobal
