
Microsoft Visual Studio Solution File, Format Version 12.00
# Visual Studio 15
VisualStudioVersion = 15.0.27004.2006
MinimumVisualStudioVersion = 10.0.40219.1
Project("{FAE04EC0-301F-11D3-BF4B-00C04F79EFBC}") = "App1.Android", "App1\App1.Android\App1.Android.csproj", "{154876BA-4678-4D00-9F90-8D4925D8DF39}"
EndProject
Project("{FAE04EC0-301F-11D3-BF4B-00C04F79EFBC}") = "App1", "App1\App1\App1.csproj", "{1A07188F-983C-49F5-BEB8-76C620437A1B}"
EndProject
Project("{FAE04EC0-301F-11D3-BF4B-00C04F79EFBC}") = "App1.UWP", "App1\App1.UWP\App1.UWP.csproj", "{6358C481-F79C-43EF-83A2-3BDC48CE2648}"
EndProject
Project("{FAE04EC0-301F-11D3-BF4B-00C04F79EFBC}") = "App1.iOS", "App1\App1.iOS\App1.iOS.csproj", "{6343D1F2-1308-432C-9358-B9016C9CBE84}"
EndProject
Global
	GlobalSection(SolutionConfigurationPlatforms) = preSolution
		Ad-Hoc|Any CPU = Ad-Hoc|Any CPU
		Ad-Hoc|ARM = Ad-Hoc|ARM
		Ad-Hoc|iPhone = Ad-Hoc|iPhone
		Ad-Hoc|iPhoneSimulator = Ad-Hoc|iPhoneSimulator
		Ad-Hoc|x64 = Ad-Hoc|x64
		Ad-Hoc|x86 = Ad-Hoc|x86
		AppStore|Any CPU = AppStore|Any CPU
		AppStore|ARM = AppStore|ARM
		AppStore|iPhone = AppStore|iPhone
		AppStore|iPhoneSimulator = AppStore|iPhoneSimulator
		AppStore|x64 = AppStore|x64
		AppStore|x86 = AppStore|x86
		Debug|Any CPU = Debug|Any CPU
		Debug|ARM = Debug|ARM
		Debug|iPhone = Debug|iPhone
		Debug|iPhoneSimulator = Debug|iPhoneSimulator
		Debug|x64 = Debug|x64
		Debug|x86 = Debug|x86
		Release|Any CPU = Release|Any CPU
		Release|ARM = Release|ARM
		Release|iPhone = Release|iPhone
		Release|iPhoneSimulator = Release|iPhoneSimulator
		Release|x64 = Release|x64
		Release|x86 = Release|x86
	EndGlobalSection
	GlobalSection(ProjectConfigurationPlatforms) = postSolution
		{154876BA-4678-4D00-9F90-8D4925D8DF39}.Ad-Hoc|Any CPU.ActiveCfg = Release|Any CPU
		{154876BA-4678-4D00-9F90-8D4925D8DF39}.Ad-Hoc|Any CPU.Build.0 = Release|Any CPU
		{154876BA-4678-4D00-9F90-8D4925D8DF39}.Ad-Hoc|Any CPU.Deploy.0 = Release|Any CPU
		{154876BA-4678-4D00-9F90-8D4925D8DF39}.Ad-Hoc|ARM.ActiveCfg = Release|Any CPU
		{154876BA-4678-4D00-9F90-8D4925D8DF39}.Ad-Hoc|ARM.Build.0 = Release|Any CPU
		{154876BA-4678-4D00-9F90-8D4925D8DF39}.Ad-Hoc|ARM.Deploy.0 = Release|Any CPU
		{154876BA-4678-4D00-9F90-8D4925D8DF39}.Ad-Hoc|iPhone.ActiveCfg = Release|Any CPU
		{154876BA-4678-4D00-9F90-8D4925D8DF39}.Ad-Hoc|iPhone.Build.0 = Release|Any CPU
		{154876BA-4678-4D00-9F90-8D4925D8DF39}.Ad-Hoc|iPhone.Deploy.0 = Release|Any CPU
		{154876BA-4678-4D00-9F90-8D4925D8DF39}.Ad-Hoc|iPhoneSimulator.ActiveCfg = Release|Any CPU
		{154876BA-4678-4D00-9F90-8D4925D8DF39}.Ad-Hoc|iPhoneSimulator.Build.0 = Release|Any CPU
		{154876BA-4678-4D00-9F90-8D4925D8DF39}.Ad-Hoc|iPhoneSimulator.Deploy.0 = Release|Any CPU
		{154876BA-4678-4D00-9F90-8D4925D8DF39}.Ad-Hoc|x64.ActiveCfg = Release|Any CPU
		{154876BA-4678-4D00-9F90-8D4925D8DF39}.Ad-Hoc|x64.Build.0 = Release|Any CPU
		{154876BA-4678-4D00-9F90-8D4925D8DF39}.Ad-Hoc|x64.Deploy.0 = Release|Any CPU
		{154876BA-4678-4D00-9F90-8D4925D8DF39}.Ad-Hoc|x86.ActiveCfg = Release|Any CPU
		{154876BA-4678-4D00-9F90-8D4925D8DF39}.Ad-Hoc|x86.Build.0 = Release|Any CPU
		{154876BA-4678-4D00-9F90-8D4925D8DF39}.Ad-Hoc|x86.Deploy.0 = Release|Any CPU
		{154876BA-4678-4D00-9F90-8D4925D8DF39}.AppStore|Any CPU.ActiveCfg = Release|Any CPU
		{154876BA-4678-4D00-9F90-8D4925D8DF39}.AppStore|Any CPU.Build.0 = Release|Any CPU
		{154876BA-4678-4D00-9F90-8D4925D8DF39}.AppStore|Any CPU.Deploy.0 = Release|Any CPU
		{154876BA-4678-4D00-9F90-8D4925D8DF39}.AppStore|ARM.ActiveCfg = Release|Any CPU
		{154876BA-4678-4D00-9F90-8D4925D8DF39}.AppStore|ARM.Build.0 = Release|Any CPU
		{154876BA-4678-4D00-9F90-8D4925D8DF39}.AppStore|ARM.Deploy.0 = Release|Any CPU
		{154876BA-4678-4D00-9F90-8D4925D8DF39}.AppStore|iPhone.ActiveCfg = Release|Any CPU
		{154876BA-4678-4D00-9F90-8D4925D8DF39}.AppStore|iPhone.Build.0 = Release|Any CPU
		{154876BA-4678-4D00-9F90-8D4925D8DF39}.AppStore|iPhone.Deploy.0 = Release|Any CPU
		{154876BA-4678-4D00-9F90-8D4925D8DF39}.AppStore|iPhoneSimulator.ActiveCfg = Release|Any CPU
		{154876BA-4678-4D00-9F90-8D4925D8DF39}.AppStore|iPhoneSimulator.Build.0 = Release|Any CPU
		{154876BA-4678-4D00-9F90-8D4925D8DF39}.AppStore|iPhoneSimulator.Deploy.0 = Release|Any CPU
		{154876BA-4678-4D00-9F90-8D4925D8DF39}.AppStore|x64.ActiveCfg = Release|Any CPU
		{154876BA-4678-4D00-9F90-8D4925D8DF39}.AppStore|x64.Build.0 = Release|Any CPU
		{154876BA-4678-4D00-9F90-8D4925D8DF39}.AppStore|x64.Deploy.0 = Release|Any CPU
		{154876BA-4678-4D00-9F90-8D4925D8DF39}.AppStore|x86.ActiveCfg = Release|Any CPU
		{154876BA-4678-4D00-9F90-8D4925D8DF39}.AppStore|x86.Build.0 = Release|Any CPU
		{154876BA-4678-4D00-9F90-8D4925D8DF39}.AppStore|x86.Deploy.0 = Release|Any CPU
		{154876BA-4678-4D00-9F90-8D4925D8DF39}.Debug|Any CPU.ActiveCfg = Debug|Any CPU
		{154876BA-4678-4D00-9F90-8D4925D8DF39}.Debug|Any CPU.Build.0 = Debug|Any CPU
		{154876BA-4678-4D00-9F90-8D4925D8DF39}.Debug|Any CPU.Deploy.0 = Debug|Any CPU
		{154876BA-4678-4D00-9F90-8D4925D8DF39}.Debug|ARM.ActiveCfg = Debug|Any CPU
		{154876BA-4678-4D00-9F90-8D4925D8DF39}.Debug|ARM.Build.0 = Debug|Any CPU
		{154876BA-4678-4D00-9F90-8D4925D8DF39}.Debug|ARM.Deploy.0 = Debug|Any CPU
		{154876BA-4678-4D00-9F90-8D4925D8DF39}.Debug|iPhone.ActiveCfg = Debug|Any CPU
		{154876BA-4678-4D00-9F90-8D4925D8DF39}.Debug|iPhone.Build.0 = Debug|Any CPU
		{154876BA-4678-4D00-9F90-8D4925D8DF39}.Debug|iPhone.Deploy.0 = Debug|Any CPU
		{154876BA-4678-4D00-9F90-8D4925D8DF39}.Debug|iPhoneSimulator.ActiveCfg = Debug|Any CPU
		{154876BA-4678-4D00-9F90-8D4925D8DF39}.Debug|iPhoneSimulator.Build.0 = Debug|Any CPU
		{154876BA-4678-4D00-9F90-8D4925D8DF39}.Debug|iPhoneSimulator.Deploy.0 = Debug|Any CPU
		{154876BA-4678-4D00-9F90-8D4925D8DF39}.Debug|x64.ActiveCfg = Debug|Any CPU
		{154876BA-4678-4D00-9F90-8D4925D8DF39}.Debug|x64.Build.0 = Debug|Any CPU
		{154876BA-4678-4D00-9F90-8D4925D8DF39}.Debug|x64.Deploy.0 = Debug|Any CPU
		{154876BA-4678-4D00-9F90-8D4925D8DF39}.Debug|x86.ActiveCfg = Debug|Any CPU
		{154876BA-4678-4D00-9F90-8D4925D8DF39}.Debug|x86.Build.0 = Debug|Any CPU
		{154876BA-4678-4D00-9F90-8D4925D8DF39}.Debug|x86.Deploy.0 = Debug|Any CPU
		{154876BA-4678-4D00-9F90-8D4925D8DF39}.Release|Any CPU.ActiveCfg = Release|Any CPU
		{154876BA-4678-4D00-9F90-8D4925D8DF39}.Release|Any CPU.Build.0 = Release|Any CPU
		{154876BA-4678-4D00-9F90-8D4925D8DF39}.Release|Any CPU.Deploy.0 = Release|Any CPU
		{154876BA-4678-4D00-9F90-8D4925D8DF39}.Release|ARM.ActiveCfg = Release|Any CPU
		{154876BA-4678-4D00-9F90-8D4925D8DF39}.Release|ARM.Build.0 = Release|Any CPU
		{154876BA-4678-4D00-9F90-8D4925D8DF39}.Release|ARM.Deploy.0 = Release|Any CPU
		{154876BA-4678-4D00-9F90-8D4925D8DF39}.Release|iPhone.ActiveCfg = Release|Any CPU
		{154876BA-4678-4D00-9F90-8D4925D8DF39}.Release|iPhone.Build.0 = Release|Any CPU
		{154876BA-4678-4D00-9F90-8D4925D8DF39}.Release|iPhone.Deploy.0 = Release|Any CPU
		{154876BA-4678-4D00-9F90-8D4925D8DF39}.Release|iPhoneSimulator.ActiveCfg = Release|Any CPU
		{154876BA-4678-4D00-9F90-8D4925D8DF39}.Release|iPhoneSimulator.Build.0 = Release|Any CPU
		{154876BA-4678-4D00-9F90-8D4925D8DF39}.Release|iPhoneSimulator.Deploy.0 = Release|Any CPU
		{154876BA-4678-4D00-9F90-8D4925D8DF39}.Release|x64.ActiveCfg = Release|Any CPU
		{154876BA-4678-4D00-9F90-8D4925D8DF39}.Release|x64.Build.0 = Release|Any CPU
		{154876BA-4678-4D00-9F90-8D4925D8DF39}.Release|x64.Deploy.0 = Release|Any CPU
		{154876BA-4678-4D00-9F90-8D4925D8DF39}.Release|x86.ActiveCfg = Release|Any CPU
		{154876BA-4678-4D00-9F90-8D4925D8DF39}.Release|x86.Build.0 = Release|Any CPU
		{154876BA-4678-4D00-9F90-8D4925D8DF39}.Release|x86.Deploy.0 = Release|Any CPU
		{1A07188F-983C-49F5-BEB8-76C620437A1B}.Ad-Hoc|Any CPU.ActiveCfg = Release|Any CPU
		{1A07188F-983C-49F5-BEB8-76C620437A1B}.Ad-Hoc|Any CPU.Build.0 = Release|Any CPU
		{1A07188F-983C-49F5-BEB8-76C620437A1B}.Ad-Hoc|ARM.ActiveCfg = Release|Any CPU
		{1A07188F-983C-49F5-BEB8-76C620437A1B}.Ad-Hoc|ARM.Build.0 = Release|Any CPU
		{1A07188F-983C-49F5-BEB8-76C620437A1B}.Ad-Hoc|iPhone.ActiveCfg = Release|Any CPU
		{1A07188F-983C-49F5-BEB8-76C620437A1B}.Ad-Hoc|iPhone.Build.0 = Release|Any CPU
		{1A07188F-983C-49F5-BEB8-76C620437A1B}.Ad-Hoc|iPhoneSimulator.ActiveCfg = Release|Any CPU
		{1A07188F-983C-49F5-BEB8-76C620437A1B}.Ad-Hoc|iPhoneSimulator.Build.0 = Release|Any CPU
		{1A07188F-983C-49F5-BEB8-76C620437A1B}.Ad-Hoc|x64.ActiveCfg = Release|Any CPU
		{1A07188F-983C-49F5-BEB8-76C620437A1B}.Ad-Hoc|x64.Build.0 = Release|Any CPU
		{1A07188F-983C-49F5-BEB8-76C620437A1B}.Ad-Hoc|x86.ActiveCfg = Release|Any CPU
		{1A07188F-983C-49F5-BEB8-76C620437A1B}.Ad-Hoc|x86.Build.0 = Release|Any CPU
		{1A07188F-983C-49F5-BEB8-76C620437A1B}.AppStore|Any CPU.ActiveCfg = Release|Any CPU
		{1A07188F-983C-49F5-BEB8-76C620437A1B}.AppStore|Any CPU.Build.0 = Release|Any CPU
		{1A07188F-983C-49F5-BEB8-76C620437A1B}.AppStore|ARM.ActiveCfg = Release|Any CPU
		{1A07188F-983C-49F5-BEB8-76C620437A1B}.AppStore|ARM.Build.0 = Release|Any CPU
		{1A07188F-983C-49F5-BEB8-76C620437A1B}.AppStore|iPhone.ActiveCfg = Release|Any CPU
		{1A07188F-983C-49F5-BEB8-76C620437A1B}.AppStore|iPhone.Build.0 = Release|Any CPU
		{1A07188F-983C-49F5-BEB8-76C620437A1B}.AppStore|iPhoneSimulator.ActiveCfg = Release|Any CPU
		{1A07188F-983C-49F5-BEB8-76C620437A1B}.AppStore|iPhoneSimulator.Build.0 = Release|Any CPU
		{1A07188F-983C-49F5-BEB8-76C620437A1B}.AppStore|x64.ActiveCfg = Release|Any CPU
		{1A07188F-983C-49F5-BEB8-76C620437A1B}.AppStore|x64.Build.0 = Release|Any CPU
		{1A07188F-983C-49F5-BEB8-76C620437A1B}.AppStore|x86.ActiveCfg = Release|Any CPU
		{1A07188F-983C-49F5-BEB8-76C620437A1B}.AppStore|x86.Build.0 = Release|Any CPU
		{1A07188F-983C-49F5-BEB8-76C620437A1B}.Debug|Any CPU.ActiveCfg = Debug|Any CPU
		{1A07188F-983C-49F5-BEB8-76C620437A1B}.Debug|Any CPU.Build.0 = Debug|Any CPU
		{1A07188F-983C-49F5-BEB8-76C620437A1B}.Debug|ARM.ActiveCfg = Debug|Any CPU
		{1A07188F-983C-49F5-BEB8-76C620437A1B}.Debug|ARM.Build.0 = Debug|Any CPU
		{1A07188F-983C-49F5-BEB8-76C620437A1B}.Debug|iPhone.ActiveCfg = Debug|Any CPU
		{1A07188F-983C-49F5-BEB8-76C620437A1B}.Debug|iPhone.Build.0 = Debug|Any CPU
		{1A07188F-983C-49F5-BEB8-76C620437A1B}.Debug|iPhoneSimulator.ActiveCfg = Debug|Any CPU
		{1A07188F-983C-49F5-BEB8-76C620437A1B}.Debug|iPhoneSimulator.Build.0 = Debug|Any CPU
		{1A07188F-983C-49F5-BEB8-76C620437A1B}.Debug|x64.ActiveCfg = Debug|Any CPU
		{1A07188F-983C-49F5-BEB8-76C620437A1B}.Debug|x64.Build.0 = Debug|Any CPU
		{1A07188F-983C-49F5-BEB8-76C620437A1B}.Debug|x86.ActiveCfg = Debug|Any CPU
		{1A07188F-983C-49F5-BEB8-76C620437A1B}.Debug|x86.Build.0 = Debug|Any CPU
		{1A07188F-983C-49F5-BEB8-76C620437A1B}.Release|Any CPU.ActiveCfg = Release|Any CPU
		{1A07188F-983C-49F5-BEB8-76C620437A1B}.Release|Any CPU.Build.0 = Release|Any CPU
		{1A07188F-983C-49F5-BEB8-76C620437A1B}.Release|ARM.ActiveCfg = Release|Any CPU
		{1A07188F-983C-49F5-BEB8-76C620437A1B}.Release|ARM.Build.0 = Release|Any CPU
		{1A07188F-983C-49F5-BEB8-76C620437A1B}.Release|iPhone.ActiveCfg = Release|Any CPU
		{1A07188F-983C-49F5-BEB8-76C620437A1B}.Release|iPhone.Build.0 = Release|Any CPU
		{1A07188F-983C-49F5-BEB8-76C620437A1B}.Release|iPhoneSimulator.ActiveCfg = Release|Any CPU
		{1A07188F-983C-49F5-BEB8-76C620437A1B}.Release|iPhoneSimulator.Build.0 = Release|Any CPU
		{1A07188F-983C-49F5-BEB8-76C620437A1B}.Release|x64.ActiveCfg = Release|Any CPU
		{1A07188F-983C-49F5-BEB8-76C620437A1B}.Release|x64.Build.0 = Release|Any CPU
		{1A07188F-983C-49F5-BEB8-76C620437A1B}.Release|x86.ActiveCfg = Release|Any CPU
		{1A07188F-983C-49F5-BEB8-76C620437A1B}.Release|x86.Build.0 = Release|Any CPU
		{6358C481-F79C-43EF-83A2-3BDC48CE2648}.Ad-Hoc|Any CPU.ActiveCfg = Release|x86
		{6358C481-F79C-43EF-83A2-3BDC48CE2648}.Ad-Hoc|Any CPU.Build.0 = Release|x86
		{6358C481-F79C-43EF-83A2-3BDC48CE2648}.Ad-Hoc|Any CPU.Deploy.0 = Release|x86
		{6358C481-F79C-43EF-83A2-3BDC48CE2648}.Ad-Hoc|ARM.ActiveCfg = Release|ARM
		{6358C481-F79C-43EF-83A2-3BDC48CE2648}.Ad-Hoc|ARM.Build.0 = Release|ARM
		{6358C481-F79C-43EF-83A2-3BDC48CE2648}.Ad-Hoc|ARM.Deploy.0 = Release|ARM
		{6358C481-F79C-43EF-83A2-3BDC48CE2648}.Ad-Hoc|iPhone.ActiveCfg = Release|x86
		{6358C481-F79C-43EF-83A2-3BDC48CE2648}.Ad-Hoc|iPhone.Build.0 = Release|x86
		{6358C481-F79C-43EF-83A2-3BDC48CE2648}.Ad-Hoc|iPhone.Deploy.0 = Release|x86
		{6358C481-F79C-43EF-83A2-3BDC48CE2648}.Ad-Hoc|iPhoneSimulator.ActiveCfg = Release|x86
		{6358C481-F79C-43EF-83A2-3BDC48CE2648}.Ad-Hoc|iPhoneSimulator.Build.0 = Release|x86
		{6358C481-F79C-43EF-83A2-3BDC48CE2648}.Ad-Hoc|iPhoneSimulator.Deploy.0 = Release|x86
		{6358C481-F79C-43EF-83A2-3BDC48CE2648}.Ad-Hoc|x64.ActiveCfg = Release|x64
		{6358C481-F79C-43EF-83A2-3BDC48CE2648}.Ad-Hoc|x64.Build.0 = Release|x64
		{6358C481-F79C-43EF-83A2-3BDC48CE2648}.Ad-Hoc|x64.Deploy.0 = Release|x64
		{6358C481-F79C-43EF-83A2-3BDC48CE2648}.Ad-Hoc|x86.ActiveCfg = Release|x86
		{6358C481-F79C-43EF-83A2-3BDC48CE2648}.Ad-Hoc|x86.Build.0 = Release|x86
		{6358C481-F79C-43EF-83A2-3BDC48CE2648}.Ad-Hoc|x86.Deploy.0 = Release|x86
		{6358C481-F79C-43EF-83A2-3BDC48CE2648}.AppStore|Any CPU.ActiveCfg = Release|x86
		{6358C481-F79C-43EF-83A2-3BDC48CE2648}.AppStore|Any CPU.Build.0 = Release|x86
		{6358C481-F79C-43EF-83A2-3BDC48CE2648}.AppStore|Any CPU.Deploy.0 = Release|x86
		{6358C481-F79C-43EF-83A2-3BDC48CE2648}.AppStore|ARM.ActiveCfg = Release|ARM
		{6358C481-F79C-43EF-83A2-3BDC48CE2648}.AppStore|ARM.Build.0 = Release|ARM
		{6358C481-F79C-43EF-83A2-3BDC48CE2648}.AppStore|ARM.Deploy.0 = Release|ARM
		{6358C481-F79C-43EF-83A2-3BDC48CE2648}.AppStore|iPhone.ActiveCfg = Release|x86
		{6358C481-F79C-43EF-83A2-3BDC48CE2648}.AppStore|iPhone.Build.0 = Release|x86
		{6358C481-F79C-43EF-83A2-3BDC48CE2648}.AppStore|iPhone.Deploy.0 = Release|x86
		{6358C481-F79C-43EF-83A2-3BDC48CE2648}.AppStore|iPhoneSimulator.ActiveCfg = Release|x86
		{6358C481-F79C-43EF-83A2-3BDC48CE2648}.AppStore|iPhoneSimulator.Build.0 = Release|x86
		{6358C481-F79C-43EF-83A2-3BDC48CE2648}.AppStore|iPhoneSimulator.Deploy.0 = Release|x86
		{6358C481-F79C-43EF-83A2-3BDC48CE2648}.AppStore|x64.ActiveCfg = Release|x64
		{6358C481-F79C-43EF-83A2-3BDC48CE2648}.AppStore|x64.Build.0 = Release|x64
		{6358C481-F79C-43EF-83A2-3BDC48CE2648}.AppStore|x64.Deploy.0 = Release|x64
		{6358C481-F79C-43EF-83A2-3BDC48CE2648}.AppStore|x86.ActiveCfg = Release|x86
		{6358C481-F79C-43EF-83A2-3BDC48CE2648}.AppStore|x86.Build.0 = Release|x86
		{6358C481-F79C-43EF-83A2-3BDC48CE2648}.AppStore|x86.Deploy.0 = Release|x86
		{6358C481-F79C-43EF-83A2-3BDC48CE2648}.Debug|Any CPU.ActiveCfg = Debug|x86
		{6358C481-F79C-43EF-83A2-3BDC48CE2648}.Debug|ARM.ActiveCfg = Debug|ARM
		{6358C481-F79C-43EF-83A2-3BDC48CE2648}.Debug|ARM.Build.0 = Debug|ARM
		{6358C481-F79C-43EF-83A2-3BDC48CE2648}.Debug|ARM.Deploy.0 = Debug|ARM
		{6358C481-F79C-43EF-83A2-3BDC48CE2648}.Debug|iPhone.ActiveCfg = Debug|x86
		{6358C481-F79C-43EF-83A2-3BDC48CE2648}.Debug|iPhoneSimulator.ActiveCfg = Debug|x86
		{6358C481-F79C-43EF-83A2-3BDC48CE2648}.Debug|x64.ActiveCfg = Debug|x64
		{6358C481-F79C-43EF-83A2-3BDC48CE2648}.Debug|x64.Build.0 = Debug|x64
		{6358C481-F79C-43EF-83A2-3BDC48CE2648}.Debug|x64.Deploy.0 = Debug|x64
		{6358C481-F79C-43EF-83A2-3BDC48CE2648}.Debug|x86.ActiveCfg = Debug|x86
		{6358C481-F79C-43EF-83A2-3BDC48CE2648}.Debug|x86.Build.0 = Debug|x86
		{6358C481-F79C-43EF-83A2-3BDC48CE2648}.Debug|x86.Deploy.0 = Debug|x86
		{6358C481-F79C-43EF-83A2-3BDC48CE2648}.Release|Any CPU.ActiveCfg = Release|x86
		{6358C481-F79C-43EF-83A2-3BDC48CE2648}.Release|ARM.ActiveCfg = Release|ARM
		{6358C481-F79C-43EF-83A2-3BDC48CE2648}.Release|ARM.Build.0 = Release|ARM
		{6358C481-F79C-43EF-83A2-3BDC48CE2648}.Release|ARM.Deploy.0 = Release|ARM
		{6358C481-F79C-43EF-83A2-3BDC48CE2648}.Release|iPhone.ActiveCfg = Release|x86
		{6358C481-F79C-43EF-83A2-3BDC48CE2648}.Release|iPhoneSimulator.ActiveCfg = Release|x86
		{6358C481-F79C-43EF-83A2-3BDC48CE2648}.Release|x64.ActiveCfg = Release|x64
		{6358C481-F79C-43EF-83A2-3BDC48CE2648}.Release|x64.Build.0 = Release|x64
		{6358C481-F79C-43EF-83A2-3BDC48CE2648}.Release|x64.Deploy.0 = Release|x64
		{6358C481-F79C-43EF-83A2-3BDC48CE2648}.Release|x86.ActiveCfg = Release|x86
		{6358C481-F79C-43EF-83A2-3BDC48CE2648}.Release|x86.Build.0 = Release|x86
		{6358C481-F79C-43EF-83A2-3BDC48CE2648}.Release|x86.Deploy.0 = Release|x86
		{6343D1F2-1308-432C-9358-B9016C9CBE84}.Ad-Hoc|Any CPU.ActiveCfg = Ad-Hoc|iPhoneSimulator
		{6343D1F2-1308-432C-9358-B9016C9CBE84}.Ad-Hoc|ARM.ActiveCfg = Ad-Hoc|iPhone
		{6343D1F2-1308-432C-9358-B9016C9CBE84}.Ad-Hoc|iPhone.ActiveCfg = Ad-Hoc|iPhone
		{6343D1F2-1308-432C-9358-B9016C9CBE84}.Ad-Hoc|iPhone.Build.0 = Ad-Hoc|iPhone
		{6343D1F2-1308-432C-9358-B9016C9CBE84}.Ad-Hoc|iPhoneSimulator.ActiveCfg = Ad-Hoc|iPhoneSimulator
		{6343D1F2-1308-432C-9358-B9016C9CBE84}.Ad-Hoc|iPhoneSimulator.Build.0 = Ad-Hoc|iPhoneSimulator
		{6343D1F2-1308-432C-9358-B9016C9CBE84}.Ad-Hoc|x64.ActiveCfg = Ad-Hoc|iPhone
		{6343D1F2-1308-432C-9358-B9016C9CBE84}.Ad-Hoc|x86.ActiveCfg = Ad-Hoc|iPhone
		{6343D1F2-1308-432C-9358-B9016C9CBE84}.AppStore|Any CPU.ActiveCfg = AppStore|iPhoneSimulator
		{6343D1F2-1308-432C-9358-B9016C9CBE84}.AppStore|ARM.ActiveCfg = AppStore|iPhone
		{6343D1F2-1308-432C-9358-B9016C9CBE84}.AppStore|iPhone.ActiveCfg = AppStore|iPhone
		{6343D1F2-1308-432C-9358-B9016C9CBE84}.AppStore|iPhone.Build.0 = AppStore|iPhone
		{6343D1F2-1308-432C-9358-B9016C9CBE84}.AppStore|iPhoneSimulator.ActiveCfg = AppStore|iPhoneSimulator
		{6343D1F2-1308-432C-9358-B9016C9CBE84}.AppStore|iPhoneSimulator.Build.0 = AppStore|iPhoneSimulator
		{6343D1F2-1308-432C-9358-B9016C9CBE84}.AppStore|x64.ActiveCfg = AppStore|iPhone
		{6343D1F2-1308-432C-9358-B9016C9CBE84}.AppStore|x86.ActiveCfg = AppStore|iPhone
		{6343D1F2-1308-432C-9358-B9016C9CBE84}.Debug|Any CPU.ActiveCfg = Debug|iPhoneSimulator
		{6343D1F2-1308-432C-9358-B9016C9CBE84}.Debug|ARM.ActiveCfg = Debug|iPhone
		{6343D1F2-1308-432C-9358-B9016C9CBE84}.Debug|iPhone.ActiveCfg = Debug|iPhone
		{6343D1F2-1308-432C-9358-B9016C9CBE84}.Debug|iPhone.Build.0 = Debug|iPhone
		{6343D1F2-1308-432C-9358-B9016C9CBE84}.Debug|iPhoneSimulator.ActiveCfg = Debug|iPhoneSimulator
		{6343D1F2-1308-432C-9358-B9016C9CBE84}.Debug|iPhoneSimulator.Build.0 = Debug|iPhoneSimulator
		{6343D1F2-1308-432C-9358-B9016C9CBE84}.Debug|x64.ActiveCfg = Debug|iPhone
		{6343D1F2-1308-432C-9358-B9016C9CBE84}.Debug|x86.ActiveCfg = Debug|iPhone
		{6343D1F2-1308-432C-9358-B9016C9CBE84}.Release|Any CPU.ActiveCfg = Release|iPhoneSimulator
		{6343D1F2-1308-432C-9358-B9016C9CBE84}.Release|ARM.ActiveCfg = Release|iPhone
		{6343D1F2-1308-432C-9358-B9016C9CBE84}.Release|iPhone.ActiveCfg = Release|iPhone
		{6343D1F2-1308-432C-9358-B9016C9CBE84}.Release|iPhone.Build.0 = Release|iPhone
		{6343D1F2-1308-432C-9358-B9016C9CBE84}.Release|iPhoneSimulator.ActiveCfg = Release|iPhoneSimulator
		{6343D1F2-1308-432C-9358-B9016C9CBE84}.Release|iPhoneSimulator.Build.0 = Release|iPhoneSimulator
		{6343D1F2-1308-432C-9358-B9016C9CBE84}.Release|x64.ActiveCfg = Release|iPhone
		{6343D1F2-1308-432C-9358-B9016C9CBE84}.Release|x86.ActiveCfg = Release|iPhone
	EndGlobalSection
	GlobalSection(SolutionProperties) = preSolution
		HideSolutionNode = FALSE
	EndGlobalSection
	GlobalSection(ExtensibilityGlobals) = postSolution
		SolutionGuid = {73DBC79F-272E-4970-AEDF-242B4B8AFE1E}
	EndGlobalSection
EndGlobal
